
Microsoft Visual Studio Solution File, Format Version 12.00
# Visual Studio Version 17
VisualStudioVersion = 17.7.34031.279
MinimumVisualStudioVersion = 10.0.40219.1
Project("{FAE04EC0-301F-11D3-BF4B-00C04F79EFBC}") = "Entities", "Entities\Entities.csproj", "{7C18628F-261A-4605-9A02-DF9D059C0978}"
EndProject
Project("{2150E333-8FDC-42A3-9474-1A3956D46DE8}") = "1 - Apresentação", "1 - Apresentação", "{B86167BD-2F99-478D-BDD8-D2EAB675446E}"
EndProject
Project("{2150E333-8FDC-42A3-9474-1A3956D46DE8}") = "2 - Dominio", "2 - Dominio", "{544A1D65-B47D-4883-A333-699F82C7D634}"
EndProject
Project("{2150E333-8FDC-42A3-9474-1A3956D46DE8}") = "3 - InfraEstrutura", "3 - InfraEstrutura", "{FDD7731E-EEDB-45BD-8C62-EAB2A766DAE8}"
EndProject
Project("{2150E333-8FDC-42A3-9474-1A3956D46DE8}") = "4 - Entidades", "4 - Entidades", "{EDCC3C86-D99C-44E1-96EF-D5015542CB73}"
EndProject
Project("{2150E333-8FDC-42A3-9474-1A3956D46DE8}") = "5 - Helpers", "5 - Helpers", "{529AE1A4-805D-4CE9-BBC5-6D7FEAE6649B}"
EndProject
Project("{FAE04EC0-301F-11D3-BF4B-00C04F79EFBC}") = "Helpers", "Helpers\Helpers.csproj", "{77A4D68D-C27F-47F3-9700-4CCF4B6B5DD2}"
EndProject
Project("{FAE04EC0-301F-11D3-BF4B-00C04F79EFBC}") = "Infra", "Infra\Infra.csproj", "{B32A485F-DF45-4112-88A7-5100F64A5EE4}"
EndProject
Project("{FAE04EC0-301F-11D3-BF4B-00C04F79EFBC}") = "Domain", "Domain\Domain.csproj", "{24A69140-86D8-4114-B985-BD004B1DB7DC}"
EndProject
Project("{FAE04EC0-301F-11D3-BF4B-00C04F79EFBC}") = "WebApi", "WebApi\WebApi.csproj", "{7DD5D5FD-5BF7-4A1A-9303-EBE0F2CC17D6}"
EndProject
Global
	GlobalSection(SolutionConfigurationPlatforms) = preSolution
		Debug|Any CPU = Debug|Any CPU
		Release|Any CPU = Release|Any CPU
	EndGlobalSection
	GlobalSection(ProjectConfigurationPlatforms) = postSolution
		{7C18628F-261A-4605-9A02-DF9D059C0978}.Debug|Any CPU.ActiveCfg = Debug|Any CPU
		{7C18628F-261A-4605-9A02-DF9D059C0978}.Debug|Any CPU.Build.0 = Debug|Any CPU
		{7C18628F-261A-4605-9A02-DF9D059C0978}.Release|Any CPU.ActiveCfg = Release|Any CPU
		{7C18628F-261A-4605-9A02-DF9D059C0978}.Release|Any CPU.Build.0 = Release|Any CPU
		{77A4D68D-C27F-47F3-9700-4CCF4B6B5DD2}.Debug|Any CPU.ActiveCfg = Debug|Any CPU
		{77A4D68D-C27F-47F3-9700-4CCF4B6B5DD2}.Debug|Any CPU.Build.0 = Debug|Any CPU
		{77A4D68D-C27F-47F3-9700-4CCF4B6B5DD2}.Release|Any CPU.ActiveCfg = Release|Any CPU
		{77A4D68D-C27F-47F3-9700-4CCF4B6B5DD2}.Release|Any CPU.Build.0 = Release|Any CPU
		{B32A485F-DF45-4112-88A7-5100F64A5EE4}.Debug|Any CPU.ActiveCfg = Debug|Any CPU
		{B32A485F-DF45-4112-88A7-5100F64A5EE4}.Debug|Any CPU.Build.0 = Debug|Any CPU
		{B32A485F-DF45-4112-88A7-5100F64A5EE4}.Release|Any CPU.ActiveCfg = Release|Any CPU
		{B32A485F-DF45-4112-88A7-5100F64A5EE4}.Release|Any CPU.Build.0 = Release|Any CPU
		{24A69140-86D8-4114-B985-BD004B1DB7DC}.Debug|Any CPU.ActiveCfg = Debug|Any CPU
		{24A69140-86D8-4114-B985-BD004B1DB7DC}.Debug|Any CPU.Build.0 = Debug|Any CPU
		{24A69140-86D8-4114-B985-BD004B1DB7DC}.Release|Any CPU.ActiveCfg = Release|Any CPU
		{24A69140-86D8-4114-B985-BD004B1DB7DC}.Release|Any CPU.Build.0 = Release|Any CPU
		{7DD5D5FD-5BF7-4A1A-9303-EBE0F2CC17D6}.Debug|Any CPU.ActiveCfg = Debug|Any CPU
		{7DD5D5FD-5BF7-4A1A-9303-EBE0F2CC17D6}.Debug|Any CPU.Build.0 = Debug|Any CPU
		{7DD5D5FD-5BF7-4A1A-9303-EBE0F2CC17D6}.Release|Any CPU.ActiveCfg = Release|Any CPU
		{7DD5D5FD-5BF7-4A1A-9303-EBE0F2CC17D6}.Release|Any CPU.Build.0 = Release|Any CPU
	EndGlobalSection
	GlobalSection(SolutionProperties) = preSolution
		HideSolutionNode = FALSE
	EndGlobalSection
	GlobalSection(NestedProjects) = preSolution
		{7C18628F-261A-4605-9A02-DF9D059C0978} = {EDCC3C86-D99C-44E1-96EF-D5015542CB73}
		{77A4D68D-C27F-47F3-9700-4CCF4B6B5DD2} = {529AE1A4-805D-4CE9-BBC5-6D7FEAE6649B}
		{B32A485F-DF45-4112-88A7-5100F64A5EE4} = {FDD7731E-EEDB-45BD-8C62-EAB2A766DAE8}
		{24A69140-86D8-4114-B985-BD004B1DB7DC} = {544A1D65-B47D-4883-A333-699F82C7D634}
		{7DD5D5FD-5BF7-4A1A-9303-EBE0F2CC17D6} = {B86167BD-2F99-478D-BDD8-D2EAB675446E}
	EndGlobalSection
	GlobalSection(ExtensibilityGlobals) = postSolution
		SolutionGuid = {225FAEDF-EF10-4C2D-9267-1A622F7A9B4F}
	EndGlobalSection
EndGlobal
